
Microsoft Visual Studio Solution File, Format Version 12.00
# Visual Studio 15
VisualStudioVersion = 15.0.28010.2019
MinimumVisualStudioVersion = 10.0.40219.1
Project("{FAE04EC0-301F-11D3-BF4B-00C04F79EFBC}") = "Exercise4", "homework_1\Exercise4.csproj", "{3F4F0F0F-2126-498C-B671-A0854184C338}"
EndProject
Project("{FAE04EC0-301F-11D3-BF4B-00C04F79EFBC}") = "Exercise5", "Exercise5\Exercise5.csproj", "{0A38B004-6C02-4A09-A0F4-9050040F6512}"
EndProject
Global
	GlobalSection(SolutionConfigurationPlatforms) = preSolution
		Debug|Any CPU = Debug|Any CPU
		Release|Any CPU = Release|Any CPU
	EndGlobalSection
	GlobalSection(ProjectConfigurationPlatforms) = postSolution
		{3F4F0F0F-2126-498C-B671-A0854184C338}.Debug|Any CPU.ActiveCfg = Debug|Any CPU
		{3F4F0F0F-2126-498C-B671-A0854184C338}.Debug|Any CPU.Build.0 = Debug|Any CPU
		{3F4F0F0F-2126-498C-B671-A0854184C338}.Release|Any CPU.ActiveCfg = Release|Any CPU
		{3F4F0F0F-2126-498C-B671-A0854184C338}.Release|Any CPU.Build.0 = Release|Any CPU
		{0A38B004-6C02-4A09-A0F4-9050040F6512}.Debug|Any CPU.ActiveCfg = Debug|Any CPU
		{0A38B004-6C02-4A09-A0F4-9050040F6512}.Debug|Any CPU.Build.0 = Debug|Any CPU
		{0A38B004-6C02-4A09-A0F4-9050040F6512}.Release|Any CPU.ActiveCfg = Release|Any CPU
		{0A38B004-6C02-4A09-A0F4-9050040F6512}.Release|Any CPU.Build.0 = Release|Any CPU
	EndGlobalSection
	GlobalSection(SolutionProperties) = preSolution
		HideSolutionNode = FALSE
	EndGlobalSection
	GlobalSection(ExtensibilityGlobals) = postSolution
		SolutionGuid = {A72687DD-158B-4A0D-BEC8-8DA1F5FAB086}
	EndGlobalSection
EndGlobal
